
Microsoft Visual Studio Solution File, Format Version 12.00
# Visual Studio 14
VisualStudioVersion = 14.0.25420.1
MinimumVisualStudioVersion = 10.0.40219.1
Project("{FAE04EC0-301F-11D3-BF4B-00C04F79EFBC}") = "EnvioFacilServerManager", "EnvioFacilServerManager\EnvioFacilServerManager.csproj", "{05C4A4F0-AF03-49DB-9104-08FA70A37849}"
EndProject
Project("{FAE04EC0-301F-11D3-BF4B-00C04F79EFBC}") = "ClsEnvioFacil", "ClsEnvioFacil\ClsEnvioFacil.csproj", "{022B06AE-63C5-4C3F-BD79-161B9EE21F99}"
EndProject
Project("{2150E333-8FDC-42A3-9474-1A3956D46DE8}") = "Banco de dados", "Banco de dados", "{06BD0D33-E466-4D20-91D6-2EC1749EECB9}"
	ProjectSection(SolutionItems) = preProject
		Database.sql = Database.sql
		Scripts para teste.sql = Scripts para teste.sql
	EndProjectSection
EndProject
Project("{E24C65DC-7377-472B-9ABA-BC803B73C61A}") = "WebSiteEnvioFacil", "WebSiteEnvioFacil", "{08D9AA0C-F0E0-4039-B8A4-43503293139E}"
	ProjectSection(WebsiteProperties) = preProject
		SccProjectName = "SAK"
		SccAuxPath = "SAK"
		SccLocalPath = "SAK"
		SccProvider = "SAK"
		TargetFrameworkMoniker = ".NETFramework,Version%3Dv4.0"
		Debug.AspNetCompiler.VirtualPath = "/localhost_63334"
		Debug.AspNetCompiler.PhysicalPath = "WebSiteEnvioFacil\"
		Debug.AspNetCompiler.TargetPath = "PrecompiledWeb\localhost_63334\"
		Debug.AspNetCompiler.Updateable = "true"
		Debug.AspNetCompiler.ForceOverwrite = "true"
		Debug.AspNetCompiler.FixedNames = "false"
		Debug.AspNetCompiler.Debug = "True"
		Release.AspNetCompiler.VirtualPath = "/localhost_63334"
		Release.AspNetCompiler.PhysicalPath = "WebSiteEnvioFacil\"
		Release.AspNetCompiler.TargetPath = "PrecompiledWeb\localhost_63334\"
		Release.AspNetCompiler.Updateable = "true"
		Release.AspNetCompiler.ForceOverwrite = "true"
		Release.AspNetCompiler.FixedNames = "false"
		Release.AspNetCompiler.Debug = "False"
		VWDPort = "63334"
		SlnRelativePath = "WebSiteEnvioFacil\"
	EndProjectSection
EndProject
Project("{FAE04EC0-301F-11D3-BF4B-00C04F79EFBC}") = "WebServiceEF", "WebServiceEF\WebServiceEF.csproj", "{877FBA2A-E122-4DB8-9FFF-1998D4E43B69}"
EndProject
Global
	GlobalSection(SolutionConfigurationPlatforms) = preSolution
		Debug|Any CPU = Debug|Any CPU
		Release|Any CPU = Release|Any CPU
	EndGlobalSection
	GlobalSection(ProjectConfigurationPlatforms) = postSolution
		{05C4A4F0-AF03-49DB-9104-08FA70A37849}.Debug|Any CPU.ActiveCfg = Debug|Any CPU
		{05C4A4F0-AF03-49DB-9104-08FA70A37849}.Debug|Any CPU.Build.0 = Debug|Any CPU
		{05C4A4F0-AF03-49DB-9104-08FA70A37849}.Release|Any CPU.ActiveCfg = Release|Any CPU
		{05C4A4F0-AF03-49DB-9104-08FA70A37849}.Release|Any CPU.Build.0 = Release|Any CPU
		{022B06AE-63C5-4C3F-BD79-161B9EE21F99}.Debug|Any CPU.ActiveCfg = Debug|Any CPU
		{022B06AE-63C5-4C3F-BD79-161B9EE21F99}.Debug|Any CPU.Build.0 = Debug|Any CPU
		{022B06AE-63C5-4C3F-BD79-161B9EE21F99}.Release|Any CPU.ActiveCfg = Release|Any CPU
		{022B06AE-63C5-4C3F-BD79-161B9EE21F99}.Release|Any CPU.Build.0 = Release|Any CPU
		{08D9AA0C-F0E0-4039-B8A4-43503293139E}.Debug|Any CPU.ActiveCfg = Debug|Any CPU
		{08D9AA0C-F0E0-4039-B8A4-43503293139E}.Debug|Any CPU.Build.0 = Debug|Any CPU
		{08D9AA0C-F0E0-4039-B8A4-43503293139E}.Release|Any CPU.ActiveCfg = Debug|Any CPU
		{08D9AA0C-F0E0-4039-B8A4-43503293139E}.Release|Any CPU.Build.0 = Debug|Any CPU
		{877FBA2A-E122-4DB8-9FFF-1998D4E43B69}.Debug|Any CPU.ActiveCfg = Debug|Any CPU
		{877FBA2A-E122-4DB8-9FFF-1998D4E43B69}.Debug|Any CPU.Build.0 = Debug|Any CPU
		{877FBA2A-E122-4DB8-9FFF-1998D4E43B69}.Release|Any CPU.ActiveCfg = Release|Any CPU
		{877FBA2A-E122-4DB8-9FFF-1998D4E43B69}.Release|Any CPU.Build.0 = Release|Any CPU
	EndGlobalSection
	GlobalSection(SolutionProperties) = preSolution
		HideSolutionNode = FALSE
	EndGlobalSection
	GlobalSection(TeamFoundationVersionControl) = preSolution
		SccNumberOfProjects = 5
		SccEnterpriseProvider = {4CA58AB2-18FA-4F8D-95D4-32DDF27D184C}
		SccTeamFoundationServer = https://gsr1992.visualstudio.com/
		SccLocalPath0 = .
		SccProjectUniqueName1 = ClsEnvioFacil\\ClsEnvioFacil.csproj
		SccProjectName1 = ClsEnvioFacil
		SccLocalPath1 = ClsEnvioFacil
		SccProjectUniqueName2 = EnvioFacilServerManager\\EnvioFacilServerManager.csproj
		SccProjectName2 = EnvioFacilServerManager
		SccLocalPath2 = EnvioFacilServerManager
		SccWebProject3 = true
		SccProjectUniqueName3 = WebSiteEnvioFacil
		SccProjectName3 = WebSiteEnvioFacil/WebSiteEnvioFacil
		SccLocalPath3 = I:\\Google\u0020Drive\\Programacao\\Projetos\\EnvioFacil\\EnvioFacil\\WebSiteEnvioFacil\\
		SccProjectEnlistmentChoice3 = 2
		SccProjectUniqueName4 = WebServiceEF\\WebServiceEF.csproj
		SccProjectName4 = WebServiceEF
		SccLocalPath4 = WebServiceEF
	EndGlobalSection
EndGlobal
